
Microsoft Visual Studio Solution File, Format Version 12.00
# Visual Studio Version 17
VisualStudioVersion = 17.3.32811.315
MinimumVisualStudioVersion = 10.0.40219.1
Project("{FAE04EC0-301F-11D3-BF4B-00C04F79EFBC}") = "WebApps", "WebApps.csproj", "{2F0E2F40-F5B4-466E-BEDD-9A48E194EAE7}"
EndProject
Global
	GlobalSection(SolutionConfigurationPlatforms) = preSolution
		Debug|Any CPU = Debug|Any CPU
		Release|Any CPU = Release|Any CPU
	EndGlobalSection
	GlobalSection(ProjectConfigurationPlatforms) = postSolution
		{2F0E2F40-F5B4-466E-BEDD-9A48E194EAE7}.Debug|Any CPU.ActiveCfg = Debug|Any CPU
		{2F0E2F40-F5B4-466E-BEDD-9A48E194EAE7}.Debug|Any CPU.Build.0 = Debug|Any CPU
		{2F0E2F40-F5B4-466E-BEDD-9A48E194EAE7}.Release|Any CPU.ActiveCfg = Release|Any CPU
		{2F0E2F40-F5B4-466E-BEDD-9A48E194EAE7}.Release|Any CPU.Build.0 = Release|Any CPU
	EndGlobalSection
	GlobalSection(SolutionProperties) = preSolution
		HideSolutionNode = FALSE
	EndGlobalSection
	GlobalSection(ExtensibilityGlobals) = postSolution
		SolutionGuid = {0956DC9D-DADB-4781-955F-39722332320B}
	EndGlobalSection
EndGlobal
